
Microsoft Visual Studio Solution File, Format Version 12.00
# Visual Studio Version 17
VisualStudioVersion = 17.0.32014.148
MinimumVisualStudioVersion = 10.0.40219.1
Project("{FAE04EC0-301F-11D3-BF4B-00C04F79EFBC}") = "TimeMachine", "TimeMachine.csproj", "{861C408D-B323-4FAE-B24C-207A548C6696}"
EndProject
Global
	GlobalSection(SolutionConfigurationPlatforms) = preSolution
		Debug|Any CPU = Debug|Any CPU
		Release|Any CPU = Release|Any CPU
	EndGlobalSection
	GlobalSection(ProjectConfigurationPlatforms) = postSolution
		{861C408D-B323-4FAE-B24C-207A548C6696}.Debug|Any CPU.ActiveCfg = Debug|Any CPU
		{861C408D-B323-4FAE-B24C-207A548C6696}.Debug|Any CPU.Build.0 = Debug|Any CPU
		{861C408D-B323-4FAE-B24C-207A548C6696}.Release|Any CPU.ActiveCfg = Release|Any CPU
		{861C408D-B323-4FAE-B24C-207A548C6696}.Release|Any CPU.Build.0 = Release|Any CPU
	EndGlobalSection
	GlobalSection(SolutionProperties) = preSolution
		HideSolutionNode = FALSE
	EndGlobalSection
	GlobalSection(ExtensibilityGlobals) = postSolution
		SolutionGuid = {F25DE51E-1CA6-4213-8CF5-DD77182A215B}
	EndGlobalSection
EndGlobal
